
Microsoft Visual Studio Solution File, Format Version 12.00
# Visual Studio Version 17
VisualStudioVersion = 17.13.35931.197 d17.13
MinimumVisualStudioVersion = 10.0.40219.1
Project("{FAE04EC0-301F-11D3-BF4B-00C04F79EFBC}") = "Seirin_20250922", "Seirin_20250922.csproj", "{CE251254-1CF9-4E8C-AF5E-BDFC3F182286}"
EndProject
Global
	GlobalSection(SolutionConfigurationPlatforms) = preSolution
		Debug|Any CPU = Debug|Any CPU
		Release|Any CPU = Release|Any CPU
	EndGlobalSection
	GlobalSection(ProjectConfigurationPlatforms) = postSolution
		{CE251254-1CF9-4E8C-AF5E-BDFC3F182286}.Debug|Any CPU.ActiveCfg = Debug|Any CPU
		{CE251254-1CF9-4E8C-AF5E-BDFC3F182286}.Debug|Any CPU.Build.0 = Debug|Any CPU
		{CE251254-1CF9-4E8C-AF5E-BDFC3F182286}.Release|Any CPU.ActiveCfg = Release|Any CPU
		{CE251254-1CF9-4E8C-AF5E-BDFC3F182286}.Release|Any CPU.Build.0 = Release|Any CPU
	EndGlobalSection
	GlobalSection(SolutionProperties) = preSolution
		HideSolutionNode = FALSE
	EndGlobalSection
	GlobalSection(ExtensibilityGlobals) = postSolution
		SolutionGuid = {7315BC3D-4B46-4CFC-B7DF-C544B7F79B3B}
	EndGlobalSection
EndGlobal
